{
  "originHash" : "4bbedab70bc829a5a9acc93256616572ddc586060952e87fbb9e1d2ed2ca5b5c",
  "pins" : [
    {
      "identity" : "highlightr",
      "kind" : "remoteSourceControl",
      "location" : "https://github.com/raspu/Highlightr.git",
      "state" : {
        "revision" : "bcf2d0590f32ac2528feb72d7e34f5b463801a47",
        "version" : "2.2.1"
      }
    }
  ],
  "version" : 3
}
